
Microsoft Visual Studio Solution File, Format Version 12.00
# Visual Studio 15
VisualStudioVersion = 15.0.26430.14
MinimumVisualStudioVersion = 10.0.40219.1
Project("{FAE04EC0-301F-11D3-BF4B-00C04F79EFBC}") = "quizzCSharp", "quizzCSharp\quizzCSharp.csproj", "{FCB3FDCE-CDD6-4AC9-B190-A9F9491CFB16}"
EndProject
Global
	GlobalSection(SolutionConfigurationPlatforms) = preSolution
		Debug|Any CPU = Debug|Any CPU
		Release|Any CPU = Release|Any CPU
	EndGlobalSection
	GlobalSection(ProjectConfigurationPlatforms) = postSolution
		{FCB3FDCE-CDD6-4AC9-B190-A9F9491CFB16}.Debug|Any CPU.ActiveCfg = Debug|Any CPU
		{FCB3FDCE-CDD6-4AC9-B190-A9F9491CFB16}.Debug|Any CPU.Build.0 = Debug|Any CPU
		{FCB3FDCE-CDD6-4AC9-B190-A9F9491CFB16}.Release|Any CPU.ActiveCfg = Release|Any CPU
		{FCB3FDCE-CDD6-4AC9-B190-A9F9491CFB16}.Release|Any CPU.Build.0 = Release|Any CPU
	EndGlobalSection
	GlobalSection(SolutionProperties) = preSolution
		HideSolutionNode = FALSE
	EndGlobalSection
EndGlobal
